
Microsoft Visual Studio Solution File, Format Version 12.00
# Visual Studio 14
VisualStudioVersion = 14.0.25420.1
MinimumVisualStudioVersion = 10.0.40219.1
Project("{FAE04EC0-301F-11D3-BF4B-00C04F79EFBC}") = "PairSum", "PairSum\PairSum.csproj", "{F667BB35-93C5-4E7D-9DE1-C1D17A107AFD}"
EndProject
Project("{FAE04EC0-301F-11D3-BF4B-00C04F79EFBC}") = "PairSumTest", "PairSumTest\PairSumTest.csproj", "{B9D8FBF2-A85F-45BD-879D-8376056F1B0E}"
EndProject
Project("{FAE04EC0-301F-11D3-BF4B-00C04F79EFBC}") = "Queue", "Queue\Queue.csproj", "{FB58459B-EF1F-4BD2-9E60-4041DCA83825}"
EndProject
Project("{FAE04EC0-301F-11D3-BF4B-00C04F79EFBC}") = "QueueTest", "QueueTest\QueueTest.csproj", "{943C6242-140B-4447-8E13-032E99493F2A}"
EndProject
Global
	GlobalSection(SolutionConfigurationPlatforms) = preSolution
		Debug|Any CPU = Debug|Any CPU
		Release|Any CPU = Release|Any CPU
	EndGlobalSection
	GlobalSection(ProjectConfigurationPlatforms) = postSolution
		{F667BB35-93C5-4E7D-9DE1-C1D17A107AFD}.Debug|Any CPU.ActiveCfg = Debug|Any CPU
		{F667BB35-93C5-4E7D-9DE1-C1D17A107AFD}.Debug|Any CPU.Build.0 = Debug|Any CPU
		{F667BB35-93C5-4E7D-9DE1-C1D17A107AFD}.Release|Any CPU.ActiveCfg = Release|Any CPU
		{F667BB35-93C5-4E7D-9DE1-C1D17A107AFD}.Release|Any CPU.Build.0 = Release|Any CPU
		{B9D8FBF2-A85F-45BD-879D-8376056F1B0E}.Debug|Any CPU.ActiveCfg = Debug|Any CPU
		{B9D8FBF2-A85F-45BD-879D-8376056F1B0E}.Debug|Any CPU.Build.0 = Debug|Any CPU
		{B9D8FBF2-A85F-45BD-879D-8376056F1B0E}.Release|Any CPU.ActiveCfg = Release|Any CPU
		{B9D8FBF2-A85F-45BD-879D-8376056F1B0E}.Release|Any CPU.Build.0 = Release|Any CPU
		{FB58459B-EF1F-4BD2-9E60-4041DCA83825}.Debug|Any CPU.ActiveCfg = Debug|Any CPU
		{FB58459B-EF1F-4BD2-9E60-4041DCA83825}.Debug|Any CPU.Build.0 = Debug|Any CPU
		{FB58459B-EF1F-4BD2-9E60-4041DCA83825}.Release|Any CPU.ActiveCfg = Release|Any CPU
		{FB58459B-EF1F-4BD2-9E60-4041DCA83825}.Release|Any CPU.Build.0 = Release|Any CPU
		{943C6242-140B-4447-8E13-032E99493F2A}.Debug|Any CPU.ActiveCfg = Debug|Any CPU
		{943C6242-140B-4447-8E13-032E99493F2A}.Debug|Any CPU.Build.0 = Debug|Any CPU
		{943C6242-140B-4447-8E13-032E99493F2A}.Release|Any CPU.ActiveCfg = Release|Any CPU
		{943C6242-140B-4447-8E13-032E99493F2A}.Release|Any CPU.Build.0 = Release|Any CPU
	EndGlobalSection
	GlobalSection(SolutionProperties) = preSolution
		HideSolutionNode = FALSE
	EndGlobalSection
EndGlobal
